
Microsoft Visual Studio Solution File, Format Version 12.00
# Visual Studio Version 17
VisualStudioVersion = 17.2.32602.215
MinimumVisualStudioVersion = 10.0.40219.1
Project("{9A19103F-16F7-4668-BE54-9A1E7A4F7556}") = "Prayaas_Website", "Prayaas_Website.csproj", "{4C01DB4B-C9FB-48BF-8CD4-925E26694185}"
EndProject
Global
	GlobalSection(SolutionConfigurationPlatforms) = preSolution
		Debug|Any CPU = Debug|Any CPU
		Release|Any CPU = Release|Any CPU
	EndGlobalSection
	GlobalSection(ProjectConfigurationPlatforms) = postSolution
		{4C01DB4B-C9FB-48BF-8CD4-925E26694185}.Debug|Any CPU.ActiveCfg = Debug|Any CPU
		{4C01DB4B-C9FB-48BF-8CD4-925E26694185}.Debug|Any CPU.Build.0 = Debug|Any CPU
		{4C01DB4B-C9FB-48BF-8CD4-925E26694185}.Release|Any CPU.ActiveCfg = Release|Any CPU
		{4C01DB4B-C9FB-48BF-8CD4-925E26694185}.Release|Any CPU.Build.0 = Release|Any CPU
	EndGlobalSection
	GlobalSection(SolutionProperties) = preSolution
		HideSolutionNode = FALSE
	EndGlobalSection
	GlobalSection(ExtensibilityGlobals) = postSolution
		SolutionGuid = {8C620D88-6D28-40F7-B9C3-8FB771056245}
	EndGlobalSection
EndGlobal
